
Microsoft Visual Studio Solution File, Format Version 12.00
# Visual Studio 15
VisualStudioVersion = 15.0.28307.779
MinimumVisualStudioVersion = 10.0.40219.1
Project("{FAE04EC0-301F-11D3-BF4B-00C04F79EFBC}") = "Semana4", "Semana4\Semana4.csproj", "{E4C5D914-459A-4FDC-808B-51E52F53C0CF}"
EndProject
Project("{FAE04EC0-301F-11D3-BF4B-00C04F79EFBC}") = "Data", "Data\Data.csproj", "{EDBC6159-25D1-4EB1-9F6A-F0A31BBBC8F1}"
EndProject
Project("{FAE04EC0-301F-11D3-BF4B-00C04F79EFBC}") = "Business", "Business\Business.csproj", "{DC7B5E7D-2302-47F4-9C49-0DFAB349B3E9}"
EndProject
Project("{FAE04EC0-301F-11D3-BF4B-00C04F79EFBC}") = "Entity", "Entity\Entity.csproj", "{C2504D3E-6F49-4272-85D0-6C3D38F72209}"
EndProject
Global
	GlobalSection(SolutionConfigurationPlatforms) = preSolution
		Debug|Any CPU = Debug|Any CPU
		Release|Any CPU = Release|Any CPU
	EndGlobalSection
	GlobalSection(ProjectConfigurationPlatforms) = postSolution
		{E4C5D914-459A-4FDC-808B-51E52F53C0CF}.Debug|Any CPU.ActiveCfg = Debug|Any CPU
		{E4C5D914-459A-4FDC-808B-51E52F53C0CF}.Debug|Any CPU.Build.0 = Debug|Any CPU
		{E4C5D914-459A-4FDC-808B-51E52F53C0CF}.Release|Any CPU.ActiveCfg = Release|Any CPU
		{E4C5D914-459A-4FDC-808B-51E52F53C0CF}.Release|Any CPU.Build.0 = Release|Any CPU
		{EDBC6159-25D1-4EB1-9F6A-F0A31BBBC8F1}.Debug|Any CPU.ActiveCfg = Debug|Any CPU
		{EDBC6159-25D1-4EB1-9F6A-F0A31BBBC8F1}.Debug|Any CPU.Build.0 = Debug|Any CPU
		{EDBC6159-25D1-4EB1-9F6A-F0A31BBBC8F1}.Release|Any CPU.ActiveCfg = Release|Any CPU
		{EDBC6159-25D1-4EB1-9F6A-F0A31BBBC8F1}.Release|Any CPU.Build.0 = Release|Any CPU
		{DC7B5E7D-2302-47F4-9C49-0DFAB349B3E9}.Debug|Any CPU.ActiveCfg = Debug|Any CPU
		{DC7B5E7D-2302-47F4-9C49-0DFAB349B3E9}.Debug|Any CPU.Build.0 = Debug|Any CPU
		{DC7B5E7D-2302-47F4-9C49-0DFAB349B3E9}.Release|Any CPU.ActiveCfg = Release|Any CPU
		{DC7B5E7D-2302-47F4-9C49-0DFAB349B3E9}.Release|Any CPU.Build.0 = Release|Any CPU
		{C2504D3E-6F49-4272-85D0-6C3D38F72209}.Debug|Any CPU.ActiveCfg = Debug|Any CPU
		{C2504D3E-6F49-4272-85D0-6C3D38F72209}.Debug|Any CPU.Build.0 = Debug|Any CPU
		{C2504D3E-6F49-4272-85D0-6C3D38F72209}.Release|Any CPU.ActiveCfg = Release|Any CPU
		{C2504D3E-6F49-4272-85D0-6C3D38F72209}.Release|Any CPU.Build.0 = Release|Any CPU
	EndGlobalSection
	GlobalSection(SolutionProperties) = preSolution
		HideSolutionNode = FALSE
	EndGlobalSection
	GlobalSection(ExtensibilityGlobals) = postSolution
		SolutionGuid = {6BE6267A-6538-44C9-9F86-755916266404}
	EndGlobalSection
EndGlobal
